// !$*UTF8*$!
{
	archiveVersion = 1;
	classes = {
	};
	objectVersion = 46;
	objects = {

/* Begin PBXBuildFile section */
		2E52D6EA1EBCC70B005EDC04 /* AddedViews.swift in Sources */ = {isa = PBXBuildFile; fileRef = 2E52D6E91EBCC70B005EDC04 /* AddedViews.swift */; };
		2E69EE1C1EBA221A00D9BE44 /* AppDelegate.swift in Sources */ = {isa = PBXBuildFile; fileRef = 2E69EE1B1EBA221A00D9BE44 /* AppDelegate.swift */; };
		2E69EE1E1EBA221A00D9BE44 /* ViewController.swift in Sources */ = {isa = PBXBuildFile; fileRef = 2E69EE1D1EBA221A00D9BE44 /* ViewController.swift */; };
		2E69EE211EBA221A00D9BE44 /* Main.storyboard in Resources */ = {isa = PBXBuildFile; fileRef = 2E69EE1F1EBA221A00D9BE44 /* Main.storyboard */; };
		2E69EE231EBA221B00D9BE44 /* Assets.xcassets in Resources */ = {isa = PBXBuildFile; fileRef = 2E69EE221EBA221B00D9BE44 /* Assets.xcassets */; };
		2E69EE261EBA221B00D9BE44 /* LaunchScreen.storyboard in Resources */ = {isa = PBXBuildFile; fileRef = 2E69EE241EBA221B00D9BE44 /* LaunchScreen.storyboard */; };
/* End PBXBuildFile section */

/* Begin PBXFileReference section */
		2E52D6E91EBCC70B005EDC04 /* AddedViews.swift */ = {isa = PBXFileReference; fileEncoding = 4; lastKnownFileType = sourcecode.swift; path = AddedViews.swift; sourceTree = "<group>"; };
		2E69EE181EBA221A00D9BE44 /* Atari-Breakout.app */ = {isa = PBXFileReference; explicitFileType = wrapper.application; includeInIndex = 0; path = "Atari-Breakout.app"; sourceTree = BUILT_PRODUCTS_DIR; };
		2E69EE1B1EBA221A00D9BE44 /* AppDelegate.swift */ = {isa = PBXFileReference; lastKnownFileType = sourcecode.swift; path = AppDelegate.swift; sourceTree = "<group>"; };
		2E69EE1D1EBA221A00D9BE44 /* ViewController.swift */ = {isa = PBXFileReference; lastKnownFileType = sourcecode.swift; path = ViewController.swift; sourceTree = "<group>"; };
		2E69EE201EBA221A00D9BE44 /* Base */ = {isa = PBXFileReference; lastKnownFileType = file.storyboard; name = Base; path = Base.lproj/Main.storyboard; sourceTree = "<group>"; };
		2E69EE221EBA221B00D9BE44 /* Assets.xcassets */ = {isa = PBXFileReference; lastKnownFileType = folder.assetcatalog; path = Assets.xcassets; sourceTree = "<group>"; };
		2E69EE251EBA221B00D9BE44 /* Base */ = {isa = PBXFileReference; lastKnownFileType = file.storyboard; name = Base; path = Base.lproj/LaunchScreen.storyboard; sourceTree = "<group>"; };
		2E69EE271EBA221B00D9BE44 /* Info.plist */ = {isa = PBXFileReference; lastKnownFileType = text.plist.xml; path = Info.plist; sourceTree = "<group>"; };
/* End PBXFileReference section */

/* Begin PBXFrameworksBuildPhase section */
		2E69EE151EBA221A00D9BE44 /* Frameworks */ = {
			isa = PBXFrameworksBuildPhase;
			buildActionMask = 2147483647;
			files = (
			);
			runOnlyForDeploymentPostprocessing = 0;
		};
/* End PBXFrameworksBuildPhase section */

/* Begin PBXGroup section */
		2E69EE0F1EBA221A00D9BE44 = {
			isa = PBXGroup;
			children = (
				2E69EE1A1EBA221A00D9BE44 /* Atari-Breakout */,
				2E69EE191EBA221A00D9BE44 /* Products */,
			);
			sourceTree = "<group>";
		};
		2E69EE191EBA221A00D9BE44 /* Products */ = {
			isa = PBXGroup;
			children = (
				2E69EE181EBA221A00D9BE44 /* Atari-Breakout.app */,
			);
			name = Products;
			sourceTree = "<group>";
		};
		2E69EE1A1EBA221A00D9BE44 /* Atari-Breakout */ = {
			isa = PBXGroup;
			children = (
				2E69EE1B1EBA221A00D9BE44 /* AppDelegate.swift */,
				2E69EE1D1EBA221A00D9BE44 /* ViewController.swift */,
				2E69EE1F1EBA221A00D9BE44 /* Main.storyboard */,
				2E52D6E91EBCC70B005EDC04 /* AddedViews.swift */,
				2E69EE221EBA221B00D9BE44 /* Assets.xcassets */,
				2E69EE241EBA221B00D9BE44 /* LaunchScreen.storyboard */,
				2E69EE271EBA221B00D9BE44 /* Info.plist */,
			);
			path = "Atari-Breakout";
			sourceTree = "<group>";
		};
/* End PBXGroup section */

/* Begin PBXNativeTarget section */
		2E69EE171EBA221A00D9BE44 /* Atari-Breakout */ = {
			isa = PBXNativeTarget;
			buildConfigurationList = 2E69EE2A1EBA221B00D9BE44 /* Build configuration list for PBXNativeTarget "Atari-Breakout" */;
			buildPhases = (
				2E69EE141EBA221A00D9BE44 /* Sources */,
				2E69EE151EBA221A00D9BE44 /* Frameworks */,
				2E69EE161EBA221A00D9BE44 /* Resources */,
			);
			buildRules = (
			);
			dependencies = (
			);
			name = "Atari-Breakout";
			productName = "Atari-Breakout";
			productReference = 2E69EE181EBA221A00D9BE44 /* Atari-Breakout.app */;
			productType = "com.apple.product-type.application";
		};
/* End PBXNativeTarget section */

/* Begin PBXProject section */
		2E69EE101EBA221A00D9BE44 /* Project object */ = {
			isa = PBXProject;
			attributes = {
				LastSwiftUpdateCheck = 0820;
				LastUpgradeCheck = 0820;
				ORGANIZATIONNAME = period2;
				TargetAttributes = {
					2E69EE171EBA221A00D9BE44 = {
						CreatedOnToolsVersion = 8.2.1;
						ProvisioningStyle = Automatic;
					};
				};
			};
			buildConfigurationList = 2E69EE131EBA221A00D9BE44 /* Build configuration list for PBXProject "Atari-Breakout" */;
			compatibilityVersion = "Xcode 3.2";
			developmentRegion = English;
			hasScannedForEncodings = 0;
			knownRegions = (
				en,
				Base,
			);
			mainGroup = 2E69EE0F1EBA221A00D9BE44;
			productRefGroup = 2E69EE191EBA221A00D9BE44 /* Products */;
			projectDirPath = "";
			projectRoot = "";
			targets = (
				2E69EE171EBA221A00D9BE44 /* Atari-Breakout */,
			);
		};
/* End PBXProject section */

/* Begin PBXResourcesBuildPhase section */
		2E69EE161EBA221A00D9BE44 /* Resources */ = {
			isa = PBXResourcesBuildPhase;
			buildActionMask = 2147483647;
			files = (
				2E69EE261EBA221B00D9BE44 /* LaunchScreen.storyboard in Resources */,
				2E69EE231EBA221B00D9BE44 /* Assets.xcassets in Resources */,
				2E69EE211EBA221A00D9BE44 /* Main.storyboard in Resources */,
			);
			runOnlyForDeploymentPostprocessing = 0;
		};
/* End PBXResourcesBuildPhase section */

/* Begin PBXSourcesBuildPhase section */
		2E69EE141EBA221A00D9BE44 /* Sources */ = {
			isa = PBXSourcesBuildPhase;
			buildActionMask = 2147483647;
			files = (
				2E52D6EA1EBCC70B005EDC04 /* AddedViews.swift in Sources */,
				2E69EE1E1EBA221A00D9BE44 /* ViewController.swift in Sources */,
				2E69EE1C1EBA221A00D9BE44 /* AppDelegate.swift in Sources */,
			);
			runOnlyForDeploymentPostprocessing = 0;
		};
/* End PBXSourcesBuildPhase section */

/* Begin PBXVariantGroup section */
		2E69EE1F1EBA221A00D9BE44 /* Main.storyboard */ = {
			isa = PBXVariantGroup;
			children = (
				2E69EE201EBA221A00D9BE44 /* Base */,
			);
			name = Main.storyboard;
			sourceTree = "<group>";
		};
		2E69EE241EBA221B00D9BE44 /* LaunchScreen.storyboard */ = {
			isa = PBXVariantGroup;
			children = (
				2E69EE251EBA221B00D9BE44 /* Base */,
			);
			name = LaunchScreen.storyboard;
			sourceTree = "<group>";
		};
/* End PBXVariantGroup section */

/* Begin XCBuildConfiguration section */
		2E69EE281EBA221B00D9BE44 /* Debug */ = {
			isa = XCBuildConfiguration;
			buildSettings = {
				ALWAYS_SEARCH_USER_PATHS = NO;
				CLANG_ANALYZER_NONNULL = YES;
				CLANG_CXX_LANGUAGE_STANDARD = "gnu++0x";
				CLANG_CXX_LIBRARY = "libc++";
				CLANG_ENABLE_MODULES = YES;
				CLANG_ENABLE_OBJC_ARC = YES;
				CLANG_WARN_BOOL_CONVERSION = YES;
				CLANG_WARN_CONSTANT_CONVERSION = YES;
				CLANG_WARN_DIRECT_OBJC_ISA_USAGE = YES_ERROR;
				CLANG_WARN_DOCUMENTATION_COMMENTS = YES;
				CLANG_WARN_EMPTY_BODY = YES;
				CLANG_WARN_ENUM_CONVERSION = YES;
				CLANG_WARN_INFINITE_RECURSION = YES;
				CLANG_WARN_INT_CONVERSION = YES;
				CLANG_WARN_OBJC_ROOT_CLASS = YES_ERROR;
				CLANG_WARN_SUSPICIOUS_MOVE = YES;
				CLANG_WARN_UNREACHABLE_CODE = YES;
				CLANG_WARN__DUPLICATE_METHOD_MATCH = YES;
				"CODE_SIGN_IDENTITY[sdk=iphoneos*]" = "iPhone Developer";
				COPY_PHASE_STRIP = NO;
				DEBUG_INFORMATION_FORMAT = dwarf;
				ENABLE_STRICT_OBJC_MSGSEND = YES;
				ENABLE_TESTABILITY = YES;
				GCC_C_LANGUAGE_STANDARD = gnu99;
				GCC_DYNAMIC_NO_PIC = NO;
				GCC_NO_COMMON_BLOCKS = YES;
				GCC_OPTIMIZATION_LEVEL = 0;
				GCC_PREPROCESSOR_DEFINITIONS = (
					"DEBUG=1",
					"$(inherited)",
				);
				GCC_WARN_64_TO_32_BIT_CONVERSION = YES;
				GCC_WARN_ABOUT_RETURN_TYPE = YES_ERROR;
				GCC_WARN_UNDECLARED_SELECTOR = YES;
				GCC_WARN_UNINITIALIZED_AUTOS = YES_AGGRESSIVE;
				GCC_WARN_UNUSED_FUNCTION = YES;
				GCC_WARN_UNUSED_VARIABLE = YES;
				IPHONEOS_DEPLOYMENT_TARGET = 10.2;
				MTL_ENABLE_DEBUG_INFO = YES;
				ONLY_ACTIVE_ARCH = YES;
				SDKROOT = iphoneos;
				SWIFT_ACTIVE_COMPILATION_CONDITIONS = DEBUG;
				SWIFT_OPTIMIZATION_LEVEL = "-Onone";
				TARGETED_DEVICE_FAMILY = "1,2";
			};
			name = Debug;
		};
		2E69EE291EBA221B00D9BE44 /* Release */ = {
			isa = XCBuildConfiguration;
			buildSettings = {
				ALWAYS_SEARCH_USER_PATHS = NO;
				CLANG_ANALYZER_NONNULL = YES;
				CLANG_CXX_LANGUAGE_STANDARD = "gnu++0x";
				CLANG_CXX_LIBRARY = "libc++";
				CLANG_ENABLE_MODULES = YES;
				CLANG_ENABLE_OBJC_ARC = YES;
				CLANG_WARN_BOOL_CONVERSION = YES;
				CLANG_WARN_CONSTANT_CONVERSION = YES;
				CLANG_WARN_DIRECT_OBJC_ISA_USAGE = YES_ERROR;
				CLANG_WARN_DOCUMENTATION_COMMENTS = YES;
				CLANG_WARN_EMPTY_BODY = YES;
				CLANG_WARN_ENUM_CONVERSION = YES;
				CLANG_WARN_INFINITE_RECURSION = YES;
				CLANG_WARN_INT_CONVERSION = YES;
				CLANG_WARN_OBJC_ROOT_CLASS = YES_ERROR;
				CLANG_WARN_SUSPICIOUS_MOVE = YES;
				CLANG_WARN_UNREACHABLE_CODE = YES;
				CLANG_WARN__DUPLICATE_METHOD_MATCH = YES;
				"CODE_SIGN_IDENTITY[sdk=iphoneos*]" = "iPhone Developer";
				COPY_PHASE_STRIP = NO;
				DEBUG_INFORMATION_FORMAT = "dwarf-with-dsym";
				ENABLE_NS_ASSERTIONS = NO;
				ENABLE_STRICT_OBJC_MSGSEND = YES;
				GCC_C_LANGUAGE_STANDARD = gnu99;
				GCC_NO_COMMON_BLOCKS = YES;
				GCC_WARN_64_TO_32_BIT_CONVERSION = YES;
				GCC_WARN_ABOUT_RETURN_TYPE = YES_ERROR;
				GCC_WARN_UNDECLARED_SELECTOR = YES;
				GCC_WARN_UNINITIALIZED_AUTOS = YES_AGGRESSIVE;
				GCC_WARN_UNUSED_FUNCTION = YES;
				GCC_WARN_UNUSED_VARIABLE = YES;
				IPHONEOS_DEPLOYMENT_TARGET = 10.2;
				MTL_ENABLE_DEBUG_INFO = NO;
				SDKROOT = iphoneos;
				SWIFT_OPTIMIZATION_LEVEL = "-Owholemodule";
				TARGETED_DEVICE_FAMILY = "1,2";
				VALIDATE_PRODUCT = YES;
			};
			name = Release;
		};
		2E69EE2B1EBA221B00D9BE44 /* Debug */ = {
			isa = XCBuildConfiguration;
			buildSettings = {
				ASSETCATALOG_COMPILER_APPICON_NAME = AppIcon;
				INFOPLIST_FILE = "Atari-Breakout/Info.plist";
				LD_RUNPATH_SEARCH_PATHS = "$(inherited) @executable_path/Frameworks";
				PRODUCT_BUNDLE_IDENTIFIER = "DGN.Atari-Breakout";
				PRODUCT_NAME = "$(TARGET_NAME)";
				SWIFT_VERSION = 3.0;
			};
			name = Debug;
		};
		2E69EE2C1EBA221B00D9BE44 /* Release */ = {
			isa = XCBuildConfiguration;
			buildSettings = {
				ASSETCATALOG_COMPILER_APPICON_NAME = AppIcon;
				INFOPLIST_FILE = "Atari-Breakout/Info.plist";
				LD_RUNPATH_SEARCH_PATHS = "$(inherited) @executable_path/Frameworks";
				PRODUCT_BUNDLE_IDENTIFIER = "DGN.Atari-Breakout";
				PRODUCT_NAME = "$(TARGET_NAME)";
				SWIFT_VERSION = 3.0;
			};
			name = Release;
		};
/* End XCBuildConfiguration section */

/* Begin XCConfigurationList section */
		2E69EE131EBA221A00D9BE44 /* Build configuration list for PBXProject "Atari-Breakout" */ = {
			isa = XCConfigurationList;
			buildConfigurations = (
				2E69EE281EBA221B00D9BE44 /* Debug */,
				2E69EE291EBA221B00D9BE44 /* Release */,
			);
			defaultConfigurationIsVisible = 0;
			defaultConfigurationName = Release;
		};
		2E69EE2A1EBA221B00D9BE44 /* Build configuration list for PBXNativeTarget "Atari-Breakout" */ = {
			isa = XCConfigurationList;
			buildConfigurations = (
				2E69EE2B1EBA221B00D9BE44 /* Debug */,
				2E69EE2C1EBA221B00D9BE44 /* Release */,
			);
			defaultConfigurationIsVisible = 0;
			defaultConfigurationName = Release;
		};
/* End XCConfigurationList section */
	};
	rootObject = 2E69EE101EBA221A00D9BE44 /* Project object */;
}
